// !$*UTF8*$!
{
	archiveVersion = 1;
	classes = {
	};
	objectVersion = 50;
	objects = {

/* Begin PBXBuildFile section */
		49B2006C23953DB200A02482 /* AppDelegate.swift in Sources */ = {isa = PBXBuildFile; fileRef = 49B2006B23953DB200A02482 /* AppDelegate.swift */; };
		49B2006E23953DB200A02482 /* SceneDelegate.swift in Sources */ = {isa = PBXBuildFile; fileRef = 49B2006D23953DB200A02482 /* SceneDelegate.swift */; };
		49B2007023953DB200A02482 /* ViewController.swift in Sources */ = {isa = PBXBuildFile; fileRef = 49B2006F23953DB200A02482 /* ViewController.swift */; };
		49B2007323953DB200A02482 /* Main.storyboard in Resources */ = {isa = PBXBuildFile; fileRef = 49B2007123953DB200A02482 /* Main.storyboard */; };
		49B2007523953DB300A02482 /* Assets.xcassets in Resources */ = {isa = PBXBuildFile; fileRef = 49B2007423953DB300A02482 /* Assets.xcassets */; };
		49B2007823953DB300A02482 /* LaunchScreen.storyboard in Resources */ = {isa = PBXBuildFile; fileRef = 49B2007623953DB300A02482 /* LaunchScreen.storyboard */; };
		49B2008023953E2700A02482 /* stores.json in Resources */ = {isa = PBXBuildFile; fileRef = 49B2007F23953E2700A02482 /* stores.json */; };
		49B200832395438700A02482 /* Stores.xcdatamodeld in Sources */ = {isa = PBXBuildFile; fileRef = 49B200812395438700A02482 /* Stores.xcdatamodeld */; };
		49B2008E239550B100A02482 /* Price+CoreDataClass.swift in Sources */ = {isa = PBXBuildFile; fileRef = 49B20084239550B000A02482 /* Price+CoreDataClass.swift */; };
		49B2008F239550B100A02482 /* Price+CoreDataProperties.swift in Sources */ = {isa = PBXBuildFile; fileRef = 49B20085239550B000A02482 /* Price+CoreDataProperties.swift */; };
		49B20090239550B100A02482 /* Store+CoreDataClass.swift in Sources */ = {isa = PBXBuildFile; fileRef = 49B20086239550B000A02482 /* Store+CoreDataClass.swift */; };
		49B20091239550B100A02482 /* Store+CoreDataProperties.swift in Sources */ = {isa = PBXBuildFile; fileRef = 49B20087239550B100A02482 /* Store+CoreDataProperties.swift */; };
		49B20092239550B100A02482 /* Location+CoreDataClass.swift in Sources */ = {isa = PBXBuildFile; fileRef = 49B20088239550B100A02482 /* Location+CoreDataClass.swift */; };
		49B20093239550B100A02482 /* Location+CoreDataProperties.swift in Sources */ = {isa = PBXBuildFile; fileRef = 49B20089239550B100A02482 /* Location+CoreDataProperties.swift */; };
		49B20094239550B100A02482 /* Type+CoreDataClass.swift in Sources */ = {isa = PBXBuildFile; fileRef = 49B2008A239550B100A02482 /* Type+CoreDataClass.swift */; };
		49B20095239550B100A02482 /* Type+CoreDataProperties.swift in Sources */ = {isa = PBXBuildFile; fileRef = 49B2008B239550B100A02482 /* Type+CoreDataProperties.swift */; };
		49B20096239550B100A02482 /* Checkin+CoreDataClass.swift in Sources */ = {isa = PBXBuildFile; fileRef = 49B2008C239550B100A02482 /* Checkin+CoreDataClass.swift */; };
		49B20097239550B100A02482 /* Checkin+CoreDataProperties.swift in Sources */ = {isa = PBXBuildFile; fileRef = 49B2008D239550B100A02482 /* Checkin+CoreDataProperties.swift */; };
		49B20099239564C300A02482 /* FilterViewController.swift in Sources */ = {isa = PBXBuildFile; fileRef = 49B20098239564C300A02482 /* FilterViewController.swift */; };
/* End PBXBuildFile section */

/* Begin PBXFileReference section */
		49B2006823953DB200A02482 /* FashionStores.app */ = {isa = PBXFileReference; explicitFileType = wrapper.application; includeInIndex = 0; path = FashionStores.app; sourceTree = BUILT_PRODUCTS_DIR; };
		49B2006B23953DB200A02482 /* AppDelegate.swift */ = {isa = PBXFileReference; lastKnownFileType = sourcecode.swift; path = AppDelegate.swift; sourceTree = "<group>"; };
		49B2006D23953DB200A02482 /* SceneDelegate.swift */ = {isa = PBXFileReference; lastKnownFileType = sourcecode.swift; path = SceneDelegate.swift; sourceTree = "<group>"; };
		49B2006F23953DB200A02482 /* ViewController.swift */ = {isa = PBXFileReference; lastKnownFileType = sourcecode.swift; path = ViewController.swift; sourceTree = "<group>"; };
		49B2007223953DB200A02482 /* Base */ = {isa = PBXFileReference; lastKnownFileType = file.storyboard; name = Base; path = Base.lproj/Main.storyboard; sourceTree = "<group>"; };
		49B2007423953DB300A02482 /* Assets.xcassets */ = {isa = PBXFileReference; lastKnownFileType = folder.assetcatalog; path = Assets.xcassets; sourceTree = "<group>"; };
		49B2007723953DB300A02482 /* Base */ = {isa = PBXFileReference; lastKnownFileType = file.storyboard; name = Base; path = Base.lproj/LaunchScreen.storyboard; sourceTree = "<group>"; };
		49B2007923953DB300A02482 /* Info.plist */ = {isa = PBXFileReference; lastKnownFileType = text.plist.xml; path = Info.plist; sourceTree = "<group>"; };
		49B2007F23953E2700A02482 /* stores.json */ = {isa = PBXFileReference; lastKnownFileType = text.json; path = stores.json; sourceTree = "<group>"; xcLanguageSpecificationIdentifier = xcode.lang.json; };
		49B200822395438700A02482 /* Stores.xcdatamodel */ = {isa = PBXFileReference; lastKnownFileType = wrapper.xcdatamodel; path = Stores.xcdatamodel; sourceTree = "<group>"; };
		49B20084239550B000A02482 /* Price+CoreDataClass.swift */ = {isa = PBXFileReference; lastKnownFileType = sourcecode.swift; path = "Price+CoreDataClass.swift"; sourceTree = "<group>"; };
		49B20085239550B000A02482 /* Price+CoreDataProperties.swift */ = {isa = PBXFileReference; lastKnownFileType = sourcecode.swift; path = "Price+CoreDataProperties.swift"; sourceTree = "<group>"; };
		49B20086239550B000A02482 /* Store+CoreDataClass.swift */ = {isa = PBXFileReference; lastKnownFileType = sourcecode.swift; path = "Store+CoreDataClass.swift"; sourceTree = "<group>"; };
		49B20087239550B100A02482 /* Store+CoreDataProperties.swift */ = {isa = PBXFileReference; lastKnownFileType = sourcecode.swift; path = "Store+CoreDataProperties.swift"; sourceTree = "<group>"; };
		49B20088239550B100A02482 /* Location+CoreDataClass.swift */ = {isa = PBXFileReference; lastKnownFileType = sourcecode.swift; path = "Location+CoreDataClass.swift"; sourceTree = "<group>"; };
		49B20089239550B100A02482 /* Location+CoreDataProperties.swift */ = {isa = PBXFileReference; lastKnownFileType = sourcecode.swift; path = "Location+CoreDataProperties.swift"; sourceTree = "<group>"; };
		49B2008A239550B100A02482 /* Type+CoreDataClass.swift */ = {isa = PBXFileReference; lastKnownFileType = sourcecode.swift; path = "Type+CoreDataClass.swift"; sourceTree = "<group>"; };
		49B2008B239550B100A02482 /* Type+CoreDataProperties.swift */ = {isa = PBXFileReference; lastKnownFileType = sourcecode.swift; path = "Type+CoreDataProperties.swift"; sourceTree = "<group>"; };
		49B2008C239550B100A02482 /* Checkin+CoreDataClass.swift */ = {isa = PBXFileReference; lastKnownFileType = sourcecode.swift; path = "Checkin+CoreDataClass.swift"; sourceTree = "<group>"; };
		49B2008D239550B100A02482 /* Checkin+CoreDataProperties.swift */ = {isa = PBXFileReference; lastKnownFileType = sourcecode.swift; path = "Checkin+CoreDataProperties.swift"; sourceTree = "<group>"; };
		49B20098239564C300A02482 /* FilterViewController.swift */ = {isa = PBXFileReference; lastKnownFileType = sourcecode.swift; path = FilterViewController.swift; sourceTree = "<group>"; };
/* End PBXFileReference section */

/* Begin PBXFrameworksBuildPhase section */
		49B2006523953DB200A02482 /* Frameworks */ = {
			isa = PBXFrameworksBuildPhase;
			buildActionMask = 2147483647;
			files = (
			);
			runOnlyForDeploymentPostprocessing = 0;
		};
/* End PBXFrameworksBuildPhase section */

/* Begin PBXGroup section */
		49B2005F23953DB200A02482 = {
			isa = PBXGroup;
			children = (
				49B2006A23953DB200A02482 /* FashionStores */,
				49B2006923953DB200A02482 /* Products */,
			);
			sourceTree = "<group>";
		};
		49B2006923953DB200A02482 /* Products */ = {
			isa = PBXGroup;
			children = (
				49B2006823953DB200A02482 /* FashionStores.app */,
			);
			name = Products;
			sourceTree = "<group>";
		};
		49B2006A23953DB200A02482 /* FashionStores */ = {
			isa = PBXGroup;
			children = (
				49B20084239550B000A02482 /* Price+CoreDataClass.swift */,
				49B20085239550B000A02482 /* Price+CoreDataProperties.swift */,
				49B20086239550B000A02482 /* Store+CoreDataClass.swift */,
				49B20087239550B100A02482 /* Store+CoreDataProperties.swift */,
				49B20088239550B100A02482 /* Location+CoreDataClass.swift */,
				49B20089239550B100A02482 /* Location+CoreDataProperties.swift */,
				49B2008A239550B100A02482 /* Type+CoreDataClass.swift */,
				49B2008B239550B100A02482 /* Type+CoreDataProperties.swift */,
				49B2008C239550B100A02482 /* Checkin+CoreDataClass.swift */,
				49B2008D239550B100A02482 /* Checkin+CoreDataProperties.swift */,
				49B2006B23953DB200A02482 /* AppDelegate.swift */,
				49B2006D23953DB200A02482 /* SceneDelegate.swift */,
				49B2006F23953DB200A02482 /* ViewController.swift */,
				49B2007123953DB200A02482 /* Main.storyboard */,
				49B2007423953DB300A02482 /* Assets.xcassets */,
				49B2007623953DB300A02482 /* LaunchScreen.storyboard */,
				49B2007923953DB300A02482 /* Info.plist */,
				49B2007F23953E2700A02482 /* stores.json */,
				49B200812395438700A02482 /* Stores.xcdatamodeld */,
				49B20098239564C300A02482 /* FilterViewController.swift */,
			);
			path = FashionStores;
			sourceTree = "<group>";
		};
/* End PBXGroup section */

/* Begin PBXNativeTarget section */
		49B2006723953DB200A02482 /* FashionStores */ = {
			isa = PBXNativeTarget;
			buildConfigurationList = 49B2007C23953DB300A02482 /* Build configuration list for PBXNativeTarget "FashionStores" */;
			buildPhases = (
				49B2006423953DB200A02482 /* Sources */,
				49B2006523953DB200A02482 /* Frameworks */,
				49B2006623953DB200A02482 /* Resources */,
			);
			buildRules = (
			);
			dependencies = (
			);
			name = FashionStores;
			productName = FashionStores;
			productReference = 49B2006823953DB200A02482 /* FashionStores.app */;
			productType = "com.apple.product-type.application";
		};
/* End PBXNativeTarget section */

/* Begin PBXProject section */
		49B2006023953DB200A02482 /* Project object */ = {
			isa = PBXProject;
			attributes = {
				LastSwiftUpdateCheck = 1120;
				LastUpgradeCheck = 1120;
				ORGANIZATIONNAME = "Iordan, Raluca";
				TargetAttributes = {
					49B2006723953DB200A02482 = {
						CreatedOnToolsVersion = 11.2.1;
					};
				};
			};
			buildConfigurationList = 49B2006323953DB200A02482 /* Build configuration list for PBXProject "FashionStores" */;
			compatibilityVersion = "Xcode 9.3";
			developmentRegion = en;
			hasScannedForEncodings = 0;
			knownRegions = (
				en,
				Base,
			);
			mainGroup = 49B2005F23953DB200A02482;
			productRefGroup = 49B2006923953DB200A02482 /* Products */;
			projectDirPath = "";
			projectRoot = "";
			targets = (
				49B2006723953DB200A02482 /* FashionStores */,
			);
		};
/* End PBXProject section */

/* Begin PBXResourcesBuildPhase section */
		49B2006623953DB200A02482 /* Resources */ = {
			isa = PBXResourcesBuildPhase;
			buildActionMask = 2147483647;
			files = (
				49B2007823953DB300A02482 /* LaunchScreen.storyboard in Resources */,
				49B2007523953DB300A02482 /* Assets.xcassets in Resources */,
				49B2008023953E2700A02482 /* stores.json in Resources */,
				49B2007323953DB200A02482 /* Main.storyboard in Resources */,
			);
			runOnlyForDeploymentPostprocessing = 0;
		};
/* End PBXResourcesBuildPhase section */

/* Begin PBXSourcesBuildPhase section */
		49B2006423953DB200A02482 /* Sources */ = {
			isa = PBXSourcesBuildPhase;
			buildActionMask = 2147483647;
			files = (
				49B2007023953DB200A02482 /* ViewController.swift in Sources */,
				49B20091239550B100A02482 /* Store+CoreDataProperties.swift in Sources */,
				49B20094239550B100A02482 /* Type+CoreDataClass.swift in Sources */,
				49B2008E239550B100A02482 /* Price+CoreDataClass.swift in Sources */,
				49B2006C23953DB200A02482 /* AppDelegate.swift in Sources */,
				49B20093239550B100A02482 /* Location+CoreDataProperties.swift in Sources */,
				49B20096239550B100A02482 /* Checkin+CoreDataClass.swift in Sources */,
				49B2006E23953DB200A02482 /* SceneDelegate.swift in Sources */,
				49B20097239550B100A02482 /* Checkin+CoreDataProperties.swift in Sources */,
				49B20099239564C300A02482 /* FilterViewController.swift in Sources */,
				49B200832395438700A02482 /* Stores.xcdatamodeld in Sources */,
				49B20092239550B100A02482 /* Location+CoreDataClass.swift in Sources */,
				49B20095239550B100A02482 /* Type+CoreDataProperties.swift in Sources */,
				49B20090239550B100A02482 /* Store+CoreDataClass.swift in Sources */,
				49B2008F239550B100A02482 /* Price+CoreDataProperties.swift in Sources */,
			);
			runOnlyForDeploymentPostprocessing = 0;
		};
/* End PBXSourcesBuildPhase section */

/* Begin PBXVariantGroup section */
		49B2007123953DB200A02482 /* Main.storyboard */ = {
			isa = PBXVariantGroup;
			children = (
				49B2007223953DB200A02482 /* Base */,
			);
			name = Main.storyboard;
			sourceTree = "<group>";
		};
		49B2007623953DB300A02482 /* LaunchScreen.storyboard */ = {
			isa = PBXVariantGroup;
			children = (
				49B2007723953DB300A02482 /* Base */,
			);
			name = LaunchScreen.storyboard;
			sourceTree = "<group>";
		};
/* End PBXVariantGroup section */

/* Begin XCBuildConfiguration section */
		49B2007A23953DB300A02482 /* Debug */ = {
			isa = XCBuildConfiguration;
			buildSettings = {
				ALWAYS_SEARCH_USER_PATHS = NO;
				CLANG_ANALYZER_NONNULL = YES;
				CLANG_ANALYZER_NUMBER_OBJECT_CONVERSION = YES_AGGRESSIVE;
				CLANG_CXX_LANGUAGE_STANDARD = "gnu++14";
				CLANG_CXX_LIBRARY = "libc++";
				CLANG_ENABLE_MODULES = YES;
				CLANG_ENABLE_OBJC_ARC = YES;
				CLANG_ENABLE_OBJC_WEAK = YES;
				CLANG_WARN_BLOCK_CAPTURE_AUTORELEASING = YES;
				CLANG_WARN_BOOL_CONVERSION = YES;
				CLANG_WARN_COMMA = YES;
				CLANG_WARN_CONSTANT_CONVERSION = YES;
				CLANG_WARN_DEPRECATED_OBJC_IMPLEMENTATIONS = YES;
				CLANG_WARN_DIRECT_OBJC_ISA_USAGE = YES_ERROR;
				CLANG_WARN_DOCUMENTATION_COMMENTS = YES;
				CLANG_WARN_EMPTY_BODY = YES;
				CLANG_WARN_ENUM_CONVERSION = YES;
				CLANG_WARN_INFINITE_RECURSION = YES;
				CLANG_WARN_INT_CONVERSION = YES;
				CLANG_WARN_NON_LITERAL_NULL_CONVERSION = YES;
				CLANG_WARN_OBJC_IMPLICIT_RETAIN_SELF = YES;
				CLANG_WARN_OBJC_LITERAL_CONVERSION = YES;
				CLANG_WARN_OBJC_ROOT_CLASS = YES_ERROR;
				CLANG_WARN_RANGE_LOOP_ANALYSIS = YES;
				CLANG_WARN_STRICT_PROTOTYPES = YES;
				CLANG_WARN_SUSPICIOUS_MOVE = YES;
				CLANG_WARN_UNGUARDED_AVAILABILITY = YES_AGGRESSIVE;
				CLANG_WARN_UNREACHABLE_CODE = YES;
				CLANG_WARN__DUPLICATE_METHOD_MATCH = YES;
				COPY_PHASE_STRIP = NO;
				DEBUG_INFORMATION_FORMAT = dwarf;
				ENABLE_STRICT_OBJC_MSGSEND = YES;
				ENABLE_TESTABILITY = YES;
				GCC_C_LANGUAGE_STANDARD = gnu11;
				GCC_DYNAMIC_NO_PIC = NO;
				GCC_NO_COMMON_BLOCKS = YES;
				GCC_OPTIMIZATION_LEVEL = 0;
				GCC_PREPROCESSOR_DEFINITIONS = (
					"DEBUG=1",
					"$(inherited)",
				);
				GCC_WARN_64_TO_32_BIT_CONVERSION = YES;
				GCC_WARN_ABOUT_RETURN_TYPE = YES_ERROR;
				GCC_WARN_UNDECLARED_SELECTOR = YES;
				GCC_WARN_UNINITIALIZED_AUTOS = YES_AGGRESSIVE;
				GCC_WARN_UNUSED_FUNCTION = YES;
				GCC_WARN_UNUSED_VARIABLE = YES;
				IPHONEOS_DEPLOYMENT_TARGET = 13.2;
				MTL_ENABLE_DEBUG_INFO = INCLUDE_SOURCE;
				MTL_FAST_MATH = YES;
				ONLY_ACTIVE_ARCH = YES;
				SDKROOT = iphoneos;
				SWIFT_ACTIVE_COMPILATION_CONDITIONS = DEBUG;
				SWIFT_OPTIMIZATION_LEVEL = "-Onone";
			};
			name = Debug;
		};
		49B2007B23953DB300A02482 /* Release */ = {
			isa = XCBuildConfiguration;
			buildSettings = {
				ALWAYS_SEARCH_USER_PATHS = NO;
				CLANG_ANALYZER_NONNULL = YES;
				CLANG_ANALYZER_NUMBER_OBJECT_CONVERSION = YES_AGGRESSIVE;
				CLANG_CXX_LANGUAGE_STANDARD = "gnu++14";
				CLANG_CXX_LIBRARY = "libc++";
				CLANG_ENABLE_MODULES = YES;
				CLANG_ENABLE_OBJC_ARC = YES;
				CLANG_ENABLE_OBJC_WEAK = YES;
				CLANG_WARN_BLOCK_CAPTURE_AUTORELEASING = YES;
				CLANG_WARN_BOOL_CONVERSION = YES;
				CLANG_WARN_COMMA = YES;
				CLANG_WARN_CONSTANT_CONVERSION = YES;
				CLANG_WARN_DEPRECATED_OBJC_IMPLEMENTATIONS = YES;
				CLANG_WARN_DIRECT_OBJC_ISA_USAGE = YES_ERROR;
				CLANG_WARN_DOCUMENTATION_COMMENTS = YES;
				CLANG_WARN_EMPTY_BODY = YES;
				CLANG_WARN_ENUM_CONVERSION = YES;
				CLANG_WARN_INFINITE_RECURSION = YES;
				CLANG_WARN_INT_CONVERSION = YES;
				CLANG_WARN_NON_LITERAL_NULL_CONVERSION = YES;
				CLANG_WARN_OBJC_IMPLICIT_RETAIN_SELF = YES;
				CLANG_WARN_OBJC_LITERAL_CONVERSION = YES;
				CLANG_WARN_OBJC_ROOT_CLASS = YES_ERROR;
				CLANG_WARN_RANGE_LOOP_ANALYSIS = YES;
				CLANG_WARN_STRICT_PROTOTYPES = YES;
				CLANG_WARN_SUSPICIOUS_MOVE = YES;
				CLANG_WARN_UNGUARDED_AVAILABILITY = YES_AGGRESSIVE;
				CLANG_WARN_UNREACHABLE_CODE = YES;
				CLANG_WARN__DUPLICATE_METHOD_MATCH = YES;
				COPY_PHASE_STRIP = NO;
				DEBUG_INFORMATION_FORMAT = "dwarf-with-dsym";
				ENABLE_NS_ASSERTIONS = NO;
				ENABLE_STRICT_OBJC_MSGSEND = YES;
				GCC_C_LANGUAGE_STANDARD = gnu11;
				GCC_NO_COMMON_BLOCKS = YES;
				GCC_WARN_64_TO_32_BIT_CONVERSION = YES;
				GCC_WARN_ABOUT_RETURN_TYPE = YES_ERROR;
				GCC_WARN_UNDECLARED_SELECTOR = YES;
				GCC_WARN_UNINITIALIZED_AUTOS = YES_AGGRESSIVE;
				GCC_WARN_UNUSED_FUNCTION = YES;
				GCC_WARN_UNUSED_VARIABLE = YES;
				IPHONEOS_DEPLOYMENT_TARGET = 13.2;
				MTL_ENABLE_DEBUG_INFO = NO;
				MTL_FAST_MATH = YES;
				SDKROOT = iphoneos;
				SWIFT_COMPILATION_MODE = wholemodule;
				SWIFT_OPTIMIZATION_LEVEL = "-O";
				VALIDATE_PRODUCT = YES;
			};
			name = Release;
		};
		49B2007D23953DB300A02482 /* Debug */ = {
			isa = XCBuildConfiguration;
			buildSettings = {
				ASSETCATALOG_COMPILER_APPICON_NAME = AppIcon;
				CODE_SIGN_STYLE = Automatic;
				DEVELOPMENT_TEAM = 3F2PU4KR2S;
				INFOPLIST_FILE = FashionStores/Info.plist;
				LD_RUNPATH_SEARCH_PATHS = (
					"$(inherited)",
					"@executable_path/Frameworks",
				);
				PRODUCT_BUNDLE_IDENTIFIER = Rilury.FashionStores;
				PRODUCT_NAME = "$(TARGET_NAME)";
				SWIFT_VERSION = 5.0;
				TARGETED_DEVICE_FAMILY = "1,2";
			};
			name = Debug;
		};
		49B2007E23953DB300A02482 /* Release */ = {
			isa = XCBuildConfiguration;
			buildSettings = {
				ASSETCATALOG_COMPILER_APPICON_NAME = AppIcon;
				CODE_SIGN_STYLE = Automatic;
				DEVELOPMENT_TEAM = 3F2PU4KR2S;
				INFOPLIST_FILE = FashionStores/Info.plist;
				LD_RUNPATH_SEARCH_PATHS = (
					"$(inherited)",
					"@executable_path/Frameworks",
				);
				PRODUCT_BUNDLE_IDENTIFIER = Rilury.FashionStores;
				PRODUCT_NAME = "$(TARGET_NAME)";
				SWIFT_VERSION = 5.0;
				TARGETED_DEVICE_FAMILY = "1,2";
			};
			name = Release;
		};
/* End XCBuildConfiguration section */

/* Begin XCConfigurationList section */
		49B2006323953DB200A02482 /* Build configuration list for PBXProject "FashionStores" */ = {
			isa = XCConfigurationList;
			buildConfigurations = (
				49B2007A23953DB300A02482 /* Debug */,
				49B2007B23953DB300A02482 /* Release */,
			);
			defaultConfigurationIsVisible = 0;
			defaultConfigurationName = Release;
		};
		49B2007C23953DB300A02482 /* Build configuration list for PBXNativeTarget "FashionStores" */ = {
			isa = XCConfigurationList;
			buildConfigurations = (
				49B2007D23953DB300A02482 /* Debug */,
				49B2007E23953DB300A02482 /* Release */,
			);
			defaultConfigurationIsVisible = 0;
			defaultConfigurationName = Release;
		};
/* End XCConfigurationList section */

/* Begin XCVersionGroup section */
		49B200812395438700A02482 /* Stores.xcdatamodeld */ = {
			isa = XCVersionGroup;
			children = (
				49B200822395438700A02482 /* Stores.xcdatamodel */,
			);
			currentVersion = 49B200822395438700A02482 /* Stores.xcdatamodel */;
			path = Stores.xcdatamodeld;
			sourceTree = "<group>";
			versionGroupType = wrapper.xcdatamodel;
		};
/* End XCVersionGroup section */
	};
	rootObject = 49B2006023953DB200A02482 /* Project object */;
}
